{
  "version": 3,
  "targets": {
    ".NETCoreApp,Version=v2.1": {
      "dotnet-dependency-analyzer/1.1.0": {
        "type": "package"
      }
    },
    ".NETCoreApp,Version=v2.1/any": {
      "dotnet-dependency-analyzer/1.1.0": {
        "type": "package",
        "tools": {
          "tools/netcoreapp2.1/any/DotnetToolSettings.xml": {},
          "tools/netcoreapp2.1/any/Newtonsoft.Json.dll": {},
          "tools/netcoreapp2.1/any/NuGet.Common.dll": {},
          "tools/netcoreapp2.1/any/NuGet.Frameworks.dll": {},
          "tools/netcoreapp2.1/any/NuGet.Packaging.Core.dll": {},
          "tools/netcoreapp2.1/any/NuGet.Packaging.dll": {},
          "tools/netcoreapp2.1/any/NuGet.Versioning.dll": {},
          "tools/netcoreapp2.1/any/dotnet-dependency-analyzer.deps.json": {},
          "tools/netcoreapp2.1/any/dotnet-dependency-analyzer.dll": {},
          "tools/netcoreapp2.1/any/dotnet-dependency-analyzer.pdb": {},
          "tools/netcoreapp2.1/any/dotnet-dependency-analyzer.runtimeconfig.json": {}
        }
      }
    }
  },
  "libraries": {
    "dotnet-dependency-analyzer/1.1.0": {
      "sha512": "9IhJi09DxBnScZqgHrOMTikciur7EMcEewwYkAbMu5+MCk0A0iMWdoVB6oQurpoTxjx7qzq2kF2ktv6S6TKDZw==",
      "type": "package",
      "path": "dotnet-dependency-analyzer/1.1.0",
      "files": [
        "dotnet-dependency-analyzer.1.1.0.nupkg.sha512",
        "dotnet-dependency-analyzer.nuspec",
        "tools/netcoreapp2.1/any/DotnetToolSettings.xml",
        "tools/netcoreapp2.1/any/Newtonsoft.Json.dll",
        "tools/netcoreapp2.1/any/NuGet.Common.dll",
        "tools/netcoreapp2.1/any/NuGet.Frameworks.dll",
        "tools/netcoreapp2.1/any/NuGet.Packaging.Core.dll",
        "tools/netcoreapp2.1/any/NuGet.Packaging.dll",
        "tools/netcoreapp2.1/any/NuGet.Versioning.dll",
        "tools/netcoreapp2.1/any/dotnet-dependency-analyzer.deps.json",
        "tools/netcoreapp2.1/any/dotnet-dependency-analyzer.dll",
        "tools/netcoreapp2.1/any/dotnet-dependency-analyzer.pdb",
        "tools/netcoreapp2.1/any/dotnet-dependency-analyzer.runtimeconfig.json"
      ]
    }
  },
  "projectFileDependencyGroups": {
    ".NETCoreApp,Version=v2.1": [
      "dotnet-dependency-analyzer"
    ]
  },
  "packageFolders": {
    "C:\\Users\\HugoRocha\\Desktop\\ISEL\\S6\\PS\\TestProjects\\Dapper\\.store\\.stage\\o4ezl0is.4w5": {}
  },
  "project": {
    "version": "1.0.0",
    "restore": {
      "projectUniqueName": "C:\\Users\\HugoRocha\\AppData\\Local\\Temp\\fivn03xf.g2q\\restore.csproj",
      "projectName": "restore",
      "projectPath": "C:\\Users\\HugoRocha\\AppData\\Local\\Temp\\fivn03xf.g2q\\restore.csproj",
      "packagesPath": "C:\\Users\\HugoRocha\\Desktop\\ISEL\\S6\\PS\\TestProjects\\Dapper\\.store\\.stage\\o4ezl0is.4w5",
      "outputPath": "C:\\Users\\HugoRocha\\Desktop\\ISEL\\S6\\PS\\TestProjects\\Dapper\\.store\\.stage\\o4ezl0is.4w5\\",
      "projectStyle": "DotnetToolReference",
      "configFilePaths": [
        "C:\\Users\\HugoRocha\\Desktop\\ISEL\\S6\\PS\\TestProjects\\Dapper\\NuGet.Config",
        "C:\\Users\\HugoRocha\\AppData\\Roaming\\NuGet\\NuGet.Config",
        "C:\\Program Files (x86)\\NuGet\\Config\\Microsoft.VisualStudio.Offline.config"
      ],
      "originalTargetFrameworks": [
        "netcoreapp2.1"
      ],
      "sources": {
        "C:\\Program Files\\dotnet\\sdk\\NuGetFallbackFolder": {},
        "https://api.nuget.org/v3/index.json": {}
      },
      "frameworks": {
        "netcoreapp2.1": {
          "projectReferences": {}
        }
      },
      "warningProperties": {
        "warnAsError": [
          "NU1605"
        ]
      }
    },
    "frameworks": {
      "netcoreapp2.1": {
        "dependencies": {
          "dotnet-dependency-analyzer": {
            "target": "Package",
            "version": "(, )"
          }
        },
        "imports": [
          "net461"
        ],
        "assetTargetFallback": true,
        "warn": true
      }
    },
    "runtimes": {
      "any": {
        "#import": []
      }
    }
  }
}